
Microsoft Visual Studio Solution File, Format Version 12.00
# Visual Studio Version 17
VisualStudioVersion = 17.13.35825.156 d17.13
MinimumVisualStudioVersion = 10.0.40219.1
Project("{FAE04EC0-301F-11D3-BF4B-00C04F79EFBC}") = "HackathonMvcSqlite", "HackathonMvcSqlite.csproj", "{4EDF0708-BF0C-9036-29BF-6664C2E3F551}"
EndProject
Global
	GlobalSection(SolutionConfigurationPlatforms) = preSolution
		Debug|Any CPU = Debug|Any CPU
		Release|Any CPU = Release|Any CPU
	EndGlobalSection
	GlobalSection(ProjectConfigurationPlatforms) = postSolution
		{4EDF0708-BF0C-9036-29BF-6664C2E3F551}.Debug|Any CPU.ActiveCfg = Debug|Any CPU
		{4EDF0708-BF0C-9036-29BF-6664C2E3F551}.Debug|Any CPU.Build.0 = Debug|Any CPU
		{4EDF0708-BF0C-9036-29BF-6664C2E3F551}.Release|Any CPU.ActiveCfg = Release|Any CPU
		{4EDF0708-BF0C-9036-29BF-6664C2E3F551}.Release|Any CPU.Build.0 = Release|Any CPU
	EndGlobalSection
	GlobalSection(SolutionProperties) = preSolution
		HideSolutionNode = FALSE
	EndGlobalSection
	GlobalSection(ExtensibilityGlobals) = postSolution
		SolutionGuid = {189D0D37-D462-4EB2-BE13-32DAC69BF0CB}
	EndGlobalSection
EndGlobal
